Microsoft Visual Studio Solution File, Format Version 11.00
# Visual Studio 2008

Project("{CD37D204-51BD-EBAA-5D2C-D0099FE3C536}") = "Zoodles - Copy", "Assembly-CSharp-firstpass.csproj", "{C218EB70-1B2F-D7A5-6BD3-38754F524C0D}"
EndProject
Project("{CD37D204-51BD-EBAA-5D2C-D0099FE3C536}") = "Zoodles - Copy", "Assembly-CSharp.csproj", "{61FCF9B9-1261-0A97-ECDE-0A5D6871D4AD}"
EndProject
Project("{CD37D204-51BD-EBAA-5D2C-D0099FE3C536}") = "Zoodles - Copy", "Assembly-CSharp-Editor-firstpass.csproj", "{E356A5C1-355D-05C8-EC2E-6963C2897CA4}"
EndProject
Project("{CD37D204-51BD-EBAA-5D2C-D0099FE3C536}") = "Zoodles - Copy", "Assembly-CSharp-Editor.csproj", "{EA0B37B6-441C-0D1F-F914-090700B5AD33}"
EndProject
Project("{CD37D204-51BD-EBAA-5D2C-D0099FE3C536}") = "Zoodles - Copy", "Assembly-UnityScript.unityproj", "{39F9B625-1024-83E0-1108-B4FFF1DCE07C}"
EndProject
Project("{CD37D204-51BD-EBAA-5D2C-D0099FE3C536}") = "Zoodles - Copy", "Assembly-UnityScript-Editor-firstpass.unityproj", "{BADF3E5B-59FA-D9C0-93F1-531EE7637869}"
EndProject
Global
	GlobalSection(SolutionConfigurationPlatforms) = preSolution
		Debug|Any CPU = Debug|Any CPU
		Release|Any CPU = Release|Any CPU
	EndGlobalSection
	GlobalSection(ProjectConfigurationPlatforms) = postSolution
		{C218EB70-1B2F-D7A5-6BD3-38754F524C0D}.Debug|Any CPU.ActiveCfg = Debug|Any CPU
		{C218EB70-1B2F-D7A5-6BD3-38754F524C0D}.Debug|Any CPU.Build.0 = Debug|Any CPU
		{C218EB70-1B2F-D7A5-6BD3-38754F524C0D}.Release|Any CPU.ActiveCfg = Release|Any CPU
		{C218EB70-1B2F-D7A5-6BD3-38754F524C0D}.Release|Any CPU.Build.0 = Release|Any CPU
		{61FCF9B9-1261-0A97-ECDE-0A5D6871D4AD}.Debug|Any CPU.ActiveCfg = Debug|Any CPU
		{61FCF9B9-1261-0A97-ECDE-0A5D6871D4AD}.Debug|Any CPU.Build.0 = Debug|Any CPU
		{61FCF9B9-1261-0A97-ECDE-0A5D6871D4AD}.Release|Any CPU.ActiveCfg = Release|Any CPU
		{61FCF9B9-1261-0A97-ECDE-0A5D6871D4AD}.Release|Any CPU.Build.0 = Release|Any CPU
		{E356A5C1-355D-05C8-EC2E-6963C2897CA4}.Debug|Any CPU.ActiveCfg = Debug|Any CPU
		{E356A5C1-355D-05C8-EC2E-6963C2897CA4}.Debug|Any CPU.Build.0 = Debug|Any CPU
		{E356A5C1-355D-05C8-EC2E-6963C2897CA4}.Release|Any CPU.ActiveCfg = Release|Any CPU
		{E356A5C1-355D-05C8-EC2E-6963C2897CA4}.Release|Any CPU.Build.0 = Release|Any CPU
		{EA0B37B6-441C-0D1F-F914-090700B5AD33}.Debug|Any CPU.ActiveCfg = Debug|Any CPU
		{EA0B37B6-441C-0D1F-F914-090700B5AD33}.Debug|Any CPU.Build.0 = Debug|Any CPU
		{EA0B37B6-441C-0D1F-F914-090700B5AD33}.Release|Any CPU.ActiveCfg = Release|Any CPU
		{EA0B37B6-441C-0D1F-F914-090700B5AD33}.Release|Any CPU.Build.0 = Release|Any CPU
		{39F9B625-1024-83E0-1108-B4FFF1DCE07C}.Debug|Any CPU.ActiveCfg = Debug|Any CPU
		{39F9B625-1024-83E0-1108-B4FFF1DCE07C}.Debug|Any CPU.Build.0 = Debug|Any CPU
		{39F9B625-1024-83E0-1108-B4FFF1DCE07C}.Release|Any CPU.ActiveCfg = Release|Any CPU
		{39F9B625-1024-83E0-1108-B4FFF1DCE07C}.Release|Any CPU.Build.0 = Release|Any CPU
		{BADF3E5B-59FA-D9C0-93F1-531EE7637869}.Debug|Any CPU.ActiveCfg = Debug|Any CPU
		{BADF3E5B-59FA-D9C0-93F1-531EE7637869}.Debug|Any CPU.Build.0 = Debug|Any CPU
		{BADF3E5B-59FA-D9C0-93F1-531EE7637869}.Release|Any CPU.ActiveCfg = Release|Any CPU
		{BADF3E5B-59FA-D9C0-93F1-531EE7637869}.Release|Any CPU.Build.0 = Release|Any CPU
	EndGlobalSection
	GlobalSection(SolutionProperties) = preSolution
		HideSolutionNode = FALSE
	EndGlobalSection
																																																																																																																																																																																																																																																																																																																																																																			GlobalSection(MonoDevelopProperties) = preSolution
		StartupItem = Assembly-CSharp.csproj
		Policies = $0
		$0.TextStylePolicy = $1
		$1.inheritsSet = null
		$1.scope = text/x-csharp
		$0.CSharpFormattingPolicy = $2
		$2.inheritsSet = Mono
		$2.inheritsScope = text/x-csharp
		$2.scope = text/x-csharp
		$0.TextStylePolicy = $3
		$3.FileWidth = 120
		$3.TabWidth = 4
		$3.EolMarker = Unix
		$3.inheritsSet = Mono
		$3.inheritsScope = text/plain
		$3.scope = text/plain
	EndGlobalSection

EndGlobal
